
Microsoft Visual Studio Solution File, Format Version 12.00
# Visual Studio 14
VisualStudioVersion = 14.0.25420.1
MinimumVisualStudioVersion = 10.0.40219.1
Project("{FAE04EC0-301F-11D3-BF4B-00C04F79EFBC}") = "Model", "Model\Model.csproj", "{88072B49-CFAF-48BB-A923-D69E4B9DA524}"
EndProject
Project("{FAE04EC0-301F-11D3-BF4B-00C04F79EFBC}") = "WebTHoc", "WebTHoc\WebTHoc.csproj", "{BEF80FBB-29BE-45D6-A050-F45C1E792951}"
EndProject
Project("{FAE04EC0-301F-11D3-BF4B-00C04F79EFBC}") = "WebTHoc.Tests", "WebTHoc.Tests\WebTHoc.Tests.csproj", "{964B4DD3-DFA4-4B36-A46C-FA9DE9D5A66C}"
EndProject
Global
	GlobalSection(SolutionConfigurationPlatforms) = preSolution
		Debug|Any CPU = Debug|Any CPU
		Release|Any CPU = Release|Any CPU
	EndGlobalSection
	GlobalSection(ProjectConfigurationPlatforms) = postSolution
		{88072B49-CFAF-48BB-A923-D69E4B9DA524}.Debug|Any CPU.ActiveCfg = Debug|Any CPU
		{88072B49-CFAF-48BB-A923-D69E4B9DA524}.Debug|Any CPU.Build.0 = Debug|Any CPU
		{88072B49-CFAF-48BB-A923-D69E4B9DA524}.Release|Any CPU.ActiveCfg = Release|Any CPU
		{88072B49-CFAF-48BB-A923-D69E4B9DA524}.Release|Any CPU.Build.0 = Release|Any CPU
		{BEF80FBB-29BE-45D6-A050-F45C1E792951}.Debug|Any CPU.ActiveCfg = Debug|Any CPU
		{BEF80FBB-29BE-45D6-A050-F45C1E792951}.Debug|Any CPU.Build.0 = Debug|Any CPU
		{BEF80FBB-29BE-45D6-A050-F45C1E792951}.Release|Any CPU.ActiveCfg = Release|Any CPU
		{BEF80FBB-29BE-45D6-A050-F45C1E792951}.Release|Any CPU.Build.0 = Release|Any CPU
		{964B4DD3-DFA4-4B36-A46C-FA9DE9D5A66C}.Debug|Any CPU.ActiveCfg = Debug|Any CPU
		{964B4DD3-DFA4-4B36-A46C-FA9DE9D5A66C}.Debug|Any CPU.Build.0 = Debug|Any CPU
		{964B4DD3-DFA4-4B36-A46C-FA9DE9D5A66C}.Release|Any CPU.ActiveCfg = Release|Any CPU
		{964B4DD3-DFA4-4B36-A46C-FA9DE9D5A66C}.Release|Any CPU.Build.0 = Release|Any CPU
	EndGlobalSection
	GlobalSection(SolutionProperties) = preSolution
		HideSolutionNode = FALSE
	EndGlobalSection
EndGlobal
