
Microsoft Visual Studio Solution File, Format Version 12.00
# Visual Studio 14
VisualStudioVersion = 14.0.25420.1
MinimumVisualStudioVersion = 10.0.40219.1
Project("{FAE04EC0-301F-11D3-BF4B-00C04F79EFBC}") = "Model", "Model\Model.csproj", "{88072B49-CFAF-48BB-A923-D69E4B9DA524}"
EndProject
Project("{FAE04EC0-301F-11D3-BF4B-00C04F79EFBC}") = "WebTuHoc", "WebTuHoc\WebTuHoc.csproj", "{FB0421EB-C5E0-4FE9-836E-2B3CFF3AB788}"
EndProject
Project("{FAE04EC0-301F-11D3-BF4B-00C04F79EFBC}") = "WebTH", "WebTH\WebTH.csproj", "{8317A52B-E31E-4BA3-88E6-33C8D00BA2C1}"
EndProject
Global
	GlobalSection(SolutionConfigurationPlatforms) = preSolution
		Debug|Any CPU = Debug|Any CPU
		Release|Any CPU = Release|Any CPU
	EndGlobalSection
	GlobalSection(ProjectConfigurationPlatforms) = postSolution
		{88072B49-CFAF-48BB-A923-D69E4B9DA524}.Debug|Any CPU.ActiveCfg = Debug|Any CPU
		{88072B49-CFAF-48BB-A923-D69E4B9DA524}.Debug|Any CPU.Build.0 = Debug|Any CPU
		{88072B49-CFAF-48BB-A923-D69E4B9DA524}.Release|Any CPU.ActiveCfg = Release|Any CPU
		{88072B49-CFAF-48BB-A923-D69E4B9DA524}.Release|Any CPU.Build.0 = Release|Any CPU
		{FB0421EB-C5E0-4FE9-836E-2B3CFF3AB788}.Debug|Any CPU.ActiveCfg = Debug|Any CPU
		{FB0421EB-C5E0-4FE9-836E-2B3CFF3AB788}.Debug|Any CPU.Build.0 = Debug|Any CPU
		{FB0421EB-C5E0-4FE9-836E-2B3CFF3AB788}.Release|Any CPU.ActiveCfg = Release|Any CPU
		{FB0421EB-C5E0-4FE9-836E-2B3CFF3AB788}.Release|Any CPU.Build.0 = Release|Any CPU
		{8317A52B-E31E-4BA3-88E6-33C8D00BA2C1}.Debug|Any CPU.ActiveCfg = Debug|Any CPU
		{8317A52B-E31E-4BA3-88E6-33C8D00BA2C1}.Debug|Any CPU.Build.0 = Debug|Any CPU
		{8317A52B-E31E-4BA3-88E6-33C8D00BA2C1}.Release|Any CPU.ActiveCfg = Release|Any CPU
		{8317A52B-E31E-4BA3-88E6-33C8D00BA2C1}.Release|Any CPU.Build.0 = Release|Any CPU
	EndGlobalSection
	GlobalSection(SolutionProperties) = preSolution
		HideSolutionNode = FALSE
	EndGlobalSection
EndGlobal
